
Microsoft Visual Studio Solution File, Format Version 12.00
# Visual Studio Version 16
VisualStudioVersion = 16.0.32228.343
MinimumVisualStudioVersion = 10.0.40219.1
Project("{FAE04EC0-301F-11D3-BF4B-00C04F79EFBC}") = "File Organozation", "File Organozation\File Organozation.csproj", "{A5637BC0-271C-4441-AE92-76F3FC56FAFB}"
EndProject
Global
	GlobalSection(SolutionConfigurationPlatforms) = preSolution
		Debug|Any CPU = Debug|Any CPU
		Release|Any CPU = Release|Any CPU
	EndGlobalSection
	GlobalSection(ProjectConfigurationPlatforms) = postSolution
		{A5637BC0-271C-4441-AE92-76F3FC56FAFB}.Debug|Any CPU.ActiveCfg = Debug|Any CPU
		{A5637BC0-271C-4441-AE92-76F3FC56FAFB}.Debug|Any CPU.Build.0 = Debug|Any CPU
		{A5637BC0-271C-4441-AE92-76F3FC56FAFB}.Release|Any CPU.ActiveCfg = Release|Any CPU
		{A5637BC0-271C-4441-AE92-76F3FC56FAFB}.Release|Any CPU.Build.0 = Release|Any CPU
	EndGlobalSection
	GlobalSection(SolutionProperties) = preSolution
		HideSolutionNode = FALSE
	EndGlobalSection
	GlobalSection(ExtensibilityGlobals) = postSolution
		SolutionGuid = {E02F523F-9213-4920-A338-4ED3E87316DD}
	EndGlobalSection
EndGlobal
